
Microsoft Visual Studio Solution File, Format Version 12.00
# Visual Studio Version 17
VisualStudioVersion = 17.11.35327.3
MinimumVisualStudioVersion = 10.0.40219.1
Project("{FAE04EC0-301F-11D3-BF4B-00C04F79EFBC}") = "Library_Management", "Library_Management\Library_Management.csproj", "{C18111D4-7296-4EFF-9D18-6720389CAD9E}"
EndProject
Global
	GlobalSection(SolutionConfigurationPlatforms) = preSolution
		Debug|Any CPU = Debug|Any CPU
		Release|Any CPU = Release|Any CPU
	EndGlobalSection
	GlobalSection(ProjectConfigurationPlatforms) = postSolution
		{C18111D4-7296-4EFF-9D18-6720389CAD9E}.Debug|Any CPU.ActiveCfg = Debug|Any CPU
		{C18111D4-7296-4EFF-9D18-6720389CAD9E}.Debug|Any CPU.Build.0 = Debug|Any CPU
		{C18111D4-7296-4EFF-9D18-6720389CAD9E}.Release|Any CPU.ActiveCfg = Release|Any CPU
		{C18111D4-7296-4EFF-9D18-6720389CAD9E}.Release|Any CPU.Build.0 = Release|Any CPU
	EndGlobalSection
	GlobalSection(SolutionProperties) = preSolution
		HideSolutionNode = FALSE
	EndGlobalSection
	GlobalSection(ExtensibilityGlobals) = postSolution
		SolutionGuid = {6C7E2251-E5EC-40B3-BDFB-F77B993F5166}
	EndGlobalSection
EndGlobal
